{
  "name": "shared-project-tools",
  "version": "0.0.0",
  "lockfileVersion": 3,
  "requires": true,
  "packages": {
    "": {
      "name": "shared-project-tools",
      "version": "0.0.0",
      "license": "UNLICENSED",
      "devDependencies": {},
      "engines": {
        "node": ">=18.15.0",
        "npm": ">= 9.6.1",
        "yarn": "please-use-npm"
      }
    }
  }
}
